
Microsoft Visual Studio Solution File, Format Version 12.00
# Visual Studio Version 17
VisualStudioVersion = 17.7.34009.444
MinimumVisualStudioVersion = 10.0.40219.1
Project("{FAE04EC0-301F-11D3-BF4B-00C04F79EFBC}") = "EmployeesApi", "EmployeesApi\EmployeesApi.csproj", "{5841AC4B-A11A-4213-8B92-836D318A42F4}"
EndProject
Global
	GlobalSection(SolutionConfigurationPlatforms) = preSolution
		Debug|Any CPU = Debug|Any CPU
		Release|Any CPU = Release|Any CPU
	EndGlobalSection
	GlobalSection(ProjectConfigurationPlatforms) = postSolution
		{5841AC4B-A11A-4213-8B92-836D318A42F4}.Debug|Any CPU.ActiveCfg = Debug|Any CPU
		{5841AC4B-A11A-4213-8B92-836D318A42F4}.Debug|Any CPU.Build.0 = Debug|Any CPU
		{5841AC4B-A11A-4213-8B92-836D318A42F4}.Release|Any CPU.ActiveCfg = Release|Any CPU
		{5841AC4B-A11A-4213-8B92-836D318A42F4}.Release|Any CPU.Build.0 = Release|Any CPU
	EndGlobalSection
	GlobalSection(SolutionProperties) = preSolution
		HideSolutionNode = FALSE
	EndGlobalSection
	GlobalSection(ExtensibilityGlobals) = postSolution
		SolutionGuid = {85AC7640-EC7C-4B5A-BA13-2139A187D2B6}
	EndGlobalSection
EndGlobal
